
Microsoft Visual Studio Solution File, Format Version 12.00
# Visual Studio Version 17
VisualStudioVersion = 17.6.33829.357
MinimumVisualStudioVersion = 10.0.40219.1
Project("{FAE04EC0-301F-11D3-BF4B-00C04F79EFBC}") = "MobileStore", "MobileStore\MobileStore.csproj", "{3B81D99A-D0EA-4029-84A7-94EB6E4DE173}"
EndProject
Global
	GlobalSection(SolutionConfigurationPlatforms) = preSolution
		Debug|Any CPU = Debug|Any CPU
		Release|Any CPU = Release|Any CPU
	EndGlobalSection
	GlobalSection(ProjectConfigurationPlatforms) = postSolution
		{3B81D99A-D0EA-4029-84A7-94EB6E4DE173}.Debug|Any CPU.ActiveCfg = Debug|Any CPU
		{3B81D99A-D0EA-4029-84A7-94EB6E4DE173}.Debug|Any CPU.Build.0 = Debug|Any CPU
		{3B81D99A-D0EA-4029-84A7-94EB6E4DE173}.Release|Any CPU.ActiveCfg = Release|Any CPU
		{3B81D99A-D0EA-4029-84A7-94EB6E4DE173}.Release|Any CPU.Build.0 = Release|Any CPU
	EndGlobalSection
	GlobalSection(SolutionProperties) = preSolution
		HideSolutionNode = FALSE
	EndGlobalSection
	GlobalSection(ExtensibilityGlobals) = postSolution
		SolutionGuid = {2832258E-C893-4197-AE3B-550E74F95CDF}
	EndGlobalSection
EndGlobal
